
Microsoft Visual Studio Solution File, Format Version 12.00
# Visual Studio Version 17
VisualStudioVersion = 17.3.32825.248
MinimumVisualStudioVersion = 10.0.40219.1
Project("{FAE04EC0-301F-11D3-BF4B-00C04F79EFBC}") = "JackTheVideoRipper", "JackTheVideoRipper.csproj", "{48153FA6-8334-423C-A8FB-64BB3D0BFB8C}"
EndProject
Global
	GlobalSection(SolutionConfigurationPlatforms) = preSolution
		Debug|Any CPU = Debug|Any CPU
		Release|Any CPU = Release|Any CPU
	EndGlobalSection
	GlobalSection(ProjectConfigurationPlatforms) = postSolution
		{48153FA6-8334-423C-A8FB-64BB3D0BFB8C}.Debug|Any CPU.ActiveCfg = Debug|Any CPU
		{48153FA6-8334-423C-A8FB-64BB3D0BFB8C}.Debug|Any CPU.Build.0 = Debug|Any CPU
		{48153FA6-8334-423C-A8FB-64BB3D0BFB8C}.Release|Any CPU.ActiveCfg = Release|Any CPU
		{48153FA6-8334-423C-A8FB-64BB3D0BFB8C}.Release|Any CPU.Build.0 = Release|Any CPU
	EndGlobalSection
	GlobalSection(SolutionProperties) = preSolution
		HideSolutionNode = FALSE
	EndGlobalSection
	GlobalSection(ExtensibilityGlobals) = postSolution
		SolutionGuid = {CDF3D27C-A00F-4781-969C-B6017D3C0E04}
	EndGlobalSection
EndGlobal
